// !$*UTF8*$!
{
	archiveVersion = 1;
	classes = {
	};
	objectVersion = 55;
	objects = {

/* Begin PBXBuildFile section */
		0937D6DE288F55AE00E780F3 /* AppDelegate.swift in Sources */ = {isa = PBXBuildFile; fileRef = 0937D6DD288F55AE00E780F3 /* AppDelegate.swift */; };
		0937D6E0288F55AE00E780F3 /* SceneDelegate.swift in Sources */ = {isa = PBXBuildFile; fileRef = 0937D6DF288F55AE00E780F3 /* SceneDelegate.swift */; };
		0937D6E2288F55AE00E780F3 /* CoinsListViewController.swift in Sources */ = {isa = PBXBuildFile; fileRef = 0937D6E1288F55AE00E780F3 /* CoinsListViewController.swift */; };
		0937D6E7288F55B700E780F3 /* Assets.xcassets in Resources */ = {isa = PBXBuildFile; fileRef = 0937D6E6288F55B700E780F3 /* Assets.xcassets */; };
		0937D6EA288F55B700E780F3 /* LaunchScreen.storyboard in Resources */ = {isa = PBXBuildFile; fileRef = 0937D6E8288F55B700E780F3 /* LaunchScreen.storyboard */; };
		0937D6F5288F55B800E780F3 /* CoinMarketTests.swift in Sources */ = {isa = PBXBuildFile; fileRef = 0937D6F4288F55B800E780F3 /* CoinMarketTests.swift */; };
		0937D7182890218700E780F3 /* APIManager.swift in Sources */ = {isa = PBXBuildFile; fileRef = 0937D7172890218700E780F3 /* APIManager.swift */; };
		0937D71A2890351600E780F3 /* Constants.swift in Sources */ = {isa = PBXBuildFile; fileRef = 0937D7192890351600E780F3 /* Constants.swift */; };
		0937D71C28903B9D00E780F3 /* CoinsService.swift in Sources */ = {isa = PBXBuildFile; fileRef = 0937D71B28903B9D00E780F3 /* CoinsService.swift */; };
		0937D71E28903C3400E780F3 /* CoinsModel.swift in Sources */ = {isa = PBXBuildFile; fileRef = 0937D71D28903C3400E780F3 /* CoinsModel.swift */; };
		0937D72028903C7E00E780F3 /* CoinInfo.swift in Sources */ = {isa = PBXBuildFile; fileRef = 0937D71F28903C7E00E780F3 /* CoinInfo.swift */; };
		0937D72228903FC000E780F3 /* CoinValue.swift in Sources */ = {isa = PBXBuildFile; fileRef = 0937D72128903FC000E780F3 /* CoinValue.swift */; };
		0937D7242890474B00E780F3 /* CoinsListViewModel.swift in Sources */ = {isa = PBXBuildFile; fileRef = 0937D7232890474B00E780F3 /* CoinsListViewModel.swift */; };
		0937D72628908EC300E780F3 /* SpinnerLoading.swift in Sources */ = {isa = PBXBuildFile; fileRef = 0937D72528908EC300E780F3 /* SpinnerLoading.swift */; };
		0937D729289093CD00E780F3 /* CoinsListViewCell.swift in Sources */ = {isa = PBXBuildFile; fileRef = 0937D728289093CD00E780F3 /* CoinsListViewCell.swift */; };
		0937D72C289177EA00E780F3 /* CoinsDetailsViewController.swift in Sources */ = {isa = PBXBuildFile; fileRef = 0937D72B289177EA00E780F3 /* CoinsDetailsViewController.swift */; };
		0937D7312891824A00E780F3 /* CoinsDetailsViewModel.swift in Sources */ = {isa = PBXBuildFile; fileRef = 0937D7302891824A00E780F3 /* CoinsDetailsViewModel.swift */; };
		0937D7352891A71100E780F3 /* CoinsMock.json in Resources */ = {isa = PBXBuildFile; fileRef = 0937D7342891A71100E780F3 /* CoinsMock.json */; };
		0937D7372891A8A400E780F3 /* MockCoinsServiceSuccess.swift in Sources */ = {isa = PBXBuildFile; fileRef = 0937D7362891A8A400E780F3 /* MockCoinsServiceSuccess.swift */; };
		0937D7392891AB5000E780F3 /* MockCoinsServiceFail.swift in Sources */ = {isa = PBXBuildFile; fileRef = 0937D7382891AB5000E780F3 /* MockCoinsServiceFail.swift */; };
		6EE6DAF2912DF3C033AC0DFA /* Pods_CoinMarketTests.framework in Frameworks */ = {isa = PBXBuildFile; fileRef = CC944915F4A4AE97883CD42E /* Pods_CoinMarketTests.framework */; };
		76526B734C8893A56500DDEE /* Pods_CoinMarket.framework in Frameworks */ = {isa = PBXBuildFile; fileRef = 9D8B2939DAD239999CE4BEF5 /* Pods_CoinMarket.framework */; };
/* End PBXBuildFile section */

/* Begin PBXContainerItemProxy section */
		0937D6F1288F55B800E780F3 /* PBXContainerItemProxy */ = {
			isa = PBXContainerItemProxy;
			containerPortal = 0937D6D2288F55AD00E780F3 /* Project object */;
			proxyType = 1;
			remoteGlobalIDString = 0937D6D9288F55AE00E780F3;
			remoteInfo = CoinMarket;
		};
/* End PBXContainerItemProxy section */

/* Begin PBXFileReference section */
		0937D6DA288F55AE00E780F3 /* CoinMarket.app */ = {isa = PBXFileReference; explicitFileType = wrapper.application; includeInIndex = 0; path = CoinMarket.app; sourceTree = BUILT_PRODUCTS_DIR; };
		0937D6DD288F55AE00E780F3 /* AppDelegate.swift */ = {isa = PBXFileReference; lastKnownFileType = sourcecode.swift; path = AppDelegate.swift; sourceTree = "<group>"; };
		0937D6DF288F55AE00E780F3 /* SceneDelegate.swift */ = {isa = PBXFileReference; lastKnownFileType = sourcecode.swift; path = SceneDelegate.swift; sourceTree = "<group>"; };
		0937D6E1288F55AE00E780F3 /* CoinsListViewController.swift */ = {isa = PBXFileReference; lastKnownFileType = sourcecode.swift; path = CoinsListViewController.swift; sourceTree = "<group>"; };
		0937D6E6288F55B700E780F3 /* Assets.xcassets */ = {isa = PBXFileReference; lastKnownFileType = folder.assetcatalog; path = Assets.xcassets; sourceTree = "<group>"; };
		0937D6E9288F55B700E780F3 /* Base */ = {isa = PBXFileReference; lastKnownFileType = file.storyboard; name = Base; path = Base.lproj/LaunchScreen.storyboard; sourceTree = "<group>"; };
		0937D6EB288F55B700E780F3 /* Info.plist */ = {isa = PBXFileReference; lastKnownFileType = text.plist.xml; path = Info.plist; sourceTree = "<group>"; };
		0937D6F0288F55B800E780F3 /* CoinMarketTests.xctest */ = {isa = PBXFileReference; explicitFileType = wrapper.cfbundle; includeInIndex = 0; path = CoinMarketTests.xctest; sourceTree = BUILT_PRODUCTS_DIR; };
		0937D6F4288F55B800E780F3 /* CoinMarketTests.swift */ = {isa = PBXFileReference; lastKnownFileType = sourcecode.swift; path = CoinMarketTests.swift; sourceTree = "<group>"; };
		0937D7172890218700E780F3 /* APIManager.swift */ = {isa = PBXFileReference; lastKnownFileType = sourcecode.swift; path = APIManager.swift; sourceTree = "<group>"; };
		0937D7192890351600E780F3 /* Constants.swift */ = {isa = PBXFileReference; lastKnownFileType = sourcecode.swift; path = Constants.swift; sourceTree = "<group>"; };
		0937D71B28903B9D00E780F3 /* CoinsService.swift */ = {isa = PBXFileReference; lastKnownFileType = sourcecode.swift; path = CoinsService.swift; sourceTree = "<group>"; };
		0937D71D28903C3400E780F3 /* CoinsModel.swift */ = {isa = PBXFileReference; lastKnownFileType = sourcecode.swift; path = CoinsModel.swift; sourceTree = "<group>"; };
		0937D71F28903C7E00E780F3 /* CoinInfo.swift */ = {isa = PBXFileReference; lastKnownFileType = sourcecode.swift; path = CoinInfo.swift; sourceTree = "<group>"; };
		0937D72128903FC000E780F3 /* CoinValue.swift */ = {isa = PBXFileReference; lastKnownFileType = sourcecode.swift; path = CoinValue.swift; sourceTree = "<group>"; };
		0937D7232890474B00E780F3 /* CoinsListViewModel.swift */ = {isa = PBXFileReference; lastKnownFileType = sourcecode.swift; path = CoinsListViewModel.swift; sourceTree = "<group>"; };
		0937D72528908EC300E780F3 /* SpinnerLoading.swift */ = {isa = PBXFileReference; lastKnownFileType = sourcecode.swift; path = SpinnerLoading.swift; sourceTree = "<group>"; };
		0937D728289093CD00E780F3 /* CoinsListViewCell.swift */ = {isa = PBXFileReference; lastKnownFileType = sourcecode.swift; path = CoinsListViewCell.swift; sourceTree = "<group>"; };
		0937D72B289177EA00E780F3 /* CoinsDetailsViewController.swift */ = {isa = PBXFileReference; lastKnownFileType = sourcecode.swift; path = CoinsDetailsViewController.swift; sourceTree = "<group>"; };
		0937D7302891824A00E780F3 /* CoinsDetailsViewModel.swift */ = {isa = PBXFileReference; lastKnownFileType = sourcecode.swift; path = CoinsDetailsViewModel.swift; sourceTree = "<group>"; };
		0937D7342891A71100E780F3 /* CoinsMock.json */ = {isa = PBXFileReference; fileEncoding = 4; lastKnownFileType = text.json; path = CoinsMock.json; sourceTree = "<group>"; };
		0937D7362891A8A400E780F3 /* MockCoinsServiceSuccess.swift */ = {isa = PBXFileReference; lastKnownFileType = sourcecode.swift; path = MockCoinsServiceSuccess.swift; sourceTree = "<group>"; };
		0937D7382891AB5000E780F3 /* MockCoinsServiceFail.swift */ = {isa = PBXFileReference; lastKnownFileType = sourcecode.swift; path = MockCoinsServiceFail.swift; sourceTree = "<group>"; };
		0EF1812B00E4E149B94A06BF /* Pods-CoinMarket.release.xcconfig */ = {isa = PBXFileReference; includeInIndex = 1; lastKnownFileType = text.xcconfig; name = "Pods-CoinMarket.release.xcconfig"; path = "Target Support Files/Pods-CoinMarket/Pods-CoinMarket.release.xcconfig"; sourceTree = "<group>"; };
		230DCDCD7F42D49F99303FD4 /* Pods-CoinMarket-CoinMarketUITests.release.xcconfig */ = {isa = PBXFileReference; includeInIndex = 1; lastKnownFileType = text.xcconfig; name = "Pods-CoinMarket-CoinMarketUITests.release.xcconfig"; path = "Target Support Files/Pods-CoinMarket-CoinMarketUITests/Pods-CoinMarket-CoinMarketUITests.release.xcconfig"; sourceTree = "<group>"; };
		3A10CB408EB90EC3F576048C /* Pods-CoinMarket-CoinMarketUITests.debug.xcconfig */ = {isa = PBXFileReference; includeInIndex = 1; lastKnownFileType = text.xcconfig; name = "Pods-CoinMarket-CoinMarketUITests.debug.xcconfig"; path = "Target Support Files/Pods-CoinMarket-CoinMarketUITests/Pods-CoinMarket-CoinMarketUITests.debug.xcconfig"; sourceTree = "<group>"; };
		9D8B2939DAD239999CE4BEF5 /* Pods_CoinMarket.framework */ = {isa = PBXFileReference; explicitFileType = wrapper.framework; includeInIndex = 0; path = Pods_CoinMarket.framework; sourceTree = BUILT_PRODUCTS_DIR; };
		AD1CFCF6249E880AEE54BF23 /* Pods-CoinMarketTests.release.xcconfig */ = {isa = PBXFileReference; includeInIndex = 1; lastKnownFileType = text.xcconfig; name = "Pods-CoinMarketTests.release.xcconfig"; path = "Target Support Files/Pods-CoinMarketTests/Pods-CoinMarketTests.release.xcconfig"; sourceTree = "<group>"; };
		BB4B9922EA2AA3152AB36913 /* Pods-CoinMarket.debug.xcconfig */ = {isa = PBXFileReference; includeInIndex = 1; lastKnownFileType = text.xcconfig; name = "Pods-CoinMarket.debug.xcconfig"; path = "Target Support Files/Pods-CoinMarket/Pods-CoinMarket.debug.xcconfig"; sourceTree = "<group>"; };
		CC944915F4A4AE97883CD42E /* Pods_CoinMarketTests.framework */ = {isa = PBXFileReference; explicitFileType = wrapper.framework; includeInIndex = 0; path = Pods_CoinMarketTests.framework; sourceTree = BUILT_PRODUCTS_DIR; };
		E06ABF28BEF7E4EA7B438AA9 /* Pods-CoinMarketTests.debug.xcconfig */ = {isa = PBXFileReference; includeInIndex = 1; lastKnownFileType = text.xcconfig; name = "Pods-CoinMarketTests.debug.xcconfig"; path = "Target Support Files/Pods-CoinMarketTests/Pods-CoinMarketTests.debug.xcconfig"; sourceTree = "<group>"; };
		F02B62119D49BA4EC14E1EF9 /* Pods_CoinMarket_CoinMarketUITests.framework */ = {isa = PBXFileReference; explicitFileType = wrapper.framework; includeInIndex = 0; path = Pods_CoinMarket_CoinMarketUITests.framework; sourceTree = BUILT_PRODUCTS_DIR; };
/* End PBXFileReference section */

/* Begin PBXFrameworksBuildPhase section */
		0937D6D7288F55AE00E780F3 /* Frameworks */ = {
			isa = PBXFrameworksBuildPhase;
			buildActionMask = 2147483647;
			files = (
				76526B734C8893A56500DDEE /* Pods_CoinMarket.framework in Frameworks */,
			);
			runOnlyForDeploymentPostprocessing = 0;
		};
		0937D6ED288F55B800E780F3 /* Frameworks */ = {
			isa = PBXFrameworksBuildPhase;
			buildActionMask = 2147483647;
			files = (
				6EE6DAF2912DF3C033AC0DFA /* Pods_CoinMarketTests.framework in Frameworks */,
			);
			runOnlyForDeploymentPostprocessing = 0;
		};
/* End PBXFrameworksBuildPhase section */

/* Begin PBXGroup section */
		0937D6D1288F55AD00E780F3 = {
			isa = PBXGroup;
			children = (
				0937D6DC288F55AE00E780F3 /* CoinMarket */,
				0937D6F3288F55B800E780F3 /* CoinMarketTests */,
				0937D6DB288F55AE00E780F3 /* Products */,
				6B67196BA5B9C5EF013C212D /* Pods */,
				BCBE62CE52D3F020D1B01AAD /* Frameworks */,
			);
			sourceTree = "<group>";
		};
		0937D6DB288F55AE00E780F3 /* Products */ = {
			isa = PBXGroup;
			children = (
				0937D6DA288F55AE00E780F3 /* CoinMarket.app */,
				0937D6F0288F55B800E780F3 /* CoinMarketTests.xctest */,
			);
			name = Products;
			sourceTree = "<group>";
		};
		0937D6DC288F55AE00E780F3 /* CoinMarket */ = {
			isa = PBXGroup;
			children = (
				0937D70D288F5BE600E780F3 /* App */,
				0937D6DD288F55AE00E780F3 /* AppDelegate.swift */,
				0937D6DF288F55AE00E780F3 /* SceneDelegate.swift */,
				0937D6E6288F55B700E780F3 /* Assets.xcassets */,
				0937D6E8288F55B700E780F3 /* LaunchScreen.storyboard */,
				0937D6EB288F55B700E780F3 /* Info.plist */,
			);
			path = CoinMarket;
			sourceTree = "<group>";
		};
		0937D6F3288F55B800E780F3 /* CoinMarketTests */ = {
			isa = PBXGroup;
			children = (
				0937D6F4288F55B800E780F3 /* CoinMarketTests.swift */,
				0937D7362891A8A400E780F3 /* MockCoinsServiceSuccess.swift */,
				0937D7382891AB5000E780F3 /* MockCoinsServiceFail.swift */,
			);
			path = CoinMarketTests;
			sourceTree = "<group>";
		};
		0937D70D288F5BE600E780F3 /* App */ = {
			isa = PBXGroup;
			children = (
				0937D7332891A54200E780F3 /* MockData */,
				0937D70E28901F7300E780F3 /* Utils */,
				0937D70F28901F7B00E780F3 /* Share */,
				0937D71028901FA800E780F3 /* Moduls */,
			);
			path = App;
			sourceTree = "<group>";
		};
		0937D70E28901F7300E780F3 /* Utils */ = {
			isa = PBXGroup;
			children = (
				0937D72528908EC300E780F3 /* SpinnerLoading.swift */,
			);
			path = Utils;
			sourceTree = "<group>";
		};
		0937D70F28901F7B00E780F3 /* Share */ = {
			isa = PBXGroup;
			children = (
				0937D71128901FEF00E780F3 /* Networking */,
				0937D7192890351600E780F3 /* Constants.swift */,
			);
			path = Share;
			sourceTree = "<group>";
		};
		0937D71028901FA800E780F3 /* Moduls */ = {
			isa = PBXGroup;
			children = (
				0937D72A289176D900E780F3 /* CoinsDetails */,
				0937D7122890204500E780F3 /* ShowCoinsList */,
			);
			path = Moduls;
			sourceTree = "<group>";
		};
		0937D71128901FEF00E780F3 /* Networking */ = {
			isa = PBXGroup;
			children = (
				0937D7172890218700E780F3 /* APIManager.swift */,
			);
			path = Networking;
			sourceTree = "<group>";
		};
		0937D7122890204500E780F3 /* ShowCoinsList */ = {
			isa = PBXGroup;
			children = (
				0937D7162890214900E780F3 /* Service */,
				0937D7152890214400E780F3 /* Model */,
				0937D7142890213D00E780F3 /* View */,
				0937D7132890213100E780F3 /* ViewModel */,
			);
			path = ShowCoinsList;
			sourceTree = "<group>";
		};
		0937D7132890213100E780F3 /* ViewModel */ = {
			isa = PBXGroup;
			children = (
				0937D7232890474B00E780F3 /* CoinsListViewModel.swift */,
			);
			path = ViewModel;
			sourceTree = "<group>";
		};
		0937D7142890213D00E780F3 /* View */ = {
			isa = PBXGroup;
			children = (
				0937D7272890938800E780F3 /* Cell */,
				0937D6E1288F55AE00E780F3 /* CoinsListViewController.swift */,
			);
			path = View;
			sourceTree = "<group>";
		};
		0937D7152890214400E780F3 /* Model */ = {
			isa = PBXGroup;
			children = (
				0937D71D28903C3400E780F3 /* CoinsModel.swift */,
				0937D71F28903C7E00E780F3 /* CoinInfo.swift */,
				0937D72128903FC000E780F3 /* CoinValue.swift */,
			);
			path = Model;
			sourceTree = "<group>";
		};
		0937D7162890214900E780F3 /* Service */ = {
			isa = PBXGroup;
			children = (
				0937D71B28903B9D00E780F3 /* CoinsService.swift */,
			);
			path = Service;
			sourceTree = "<group>";
		};
		0937D7272890938800E780F3 /* Cell */ = {
			isa = PBXGroup;
			children = (
				0937D728289093CD00E780F3 /* CoinsListViewCell.swift */,
			);
			path = Cell;
			sourceTree = "<group>";
		};
		0937D72A289176D900E780F3 /* CoinsDetails */ = {
			isa = PBXGroup;
			children = (
				0937D72E2891783000E780F3 /* View */,
				0937D72D2891782100E780F3 /* ViewModel */,
			);
			path = CoinsDetails;
			sourceTree = "<group>";
		};
		0937D72D2891782100E780F3 /* ViewModel */ = {
			isa = PBXGroup;
			children = (
				0937D7302891824A00E780F3 /* CoinsDetailsViewModel.swift */,
			);
			path = ViewModel;
			sourceTree = "<group>";
		};
		0937D72E2891783000E780F3 /* View */ = {
			isa = PBXGroup;
			children = (
				0937D72B289177EA00E780F3 /* CoinsDetailsViewController.swift */,
			);
			path = View;
			sourceTree = "<group>";
		};
		0937D7332891A54200E780F3 /* MockData */ = {
			isa = PBXGroup;
			children = (
				0937D7342891A71100E780F3 /* CoinsMock.json */,
			);
			path = MockData;
			sourceTree = "<group>";
		};
		6B67196BA5B9C5EF013C212D /* Pods */ = {
			isa = PBXGroup;
			children = (
				BB4B9922EA2AA3152AB36913 /* Pods-CoinMarket.debug.xcconfig */,
				0EF1812B00E4E149B94A06BF /* Pods-CoinMarket.release.xcconfig */,
				3A10CB408EB90EC3F576048C /* Pods-CoinMarket-CoinMarketUITests.debug.xcconfig */,
				230DCDCD7F42D49F99303FD4 /* Pods-CoinMarket-CoinMarketUITests.release.xcconfig */,
				E06ABF28BEF7E4EA7B438AA9 /* Pods-CoinMarketTests.debug.xcconfig */,
				AD1CFCF6249E880AEE54BF23 /* Pods-CoinMarketTests.release.xcconfig */,
			);
			path = Pods;
			sourceTree = "<group>";
		};
		BCBE62CE52D3F020D1B01AAD /* Frameworks */ = {
			isa = PBXGroup;
			children = (
				9D8B2939DAD239999CE4BEF5 /* Pods_CoinMarket.framework */,
				F02B62119D49BA4EC14E1EF9 /* Pods_CoinMarket_CoinMarketUITests.framework */,
				CC944915F4A4AE97883CD42E /* Pods_CoinMarketTests.framework */,
			);
			name = Frameworks;
			sourceTree = "<group>";
		};
/* End PBXGroup section */

/* Begin PBXNativeTarget section */
		0937D6D9288F55AE00E780F3 /* CoinMarket */ = {
			isa = PBXNativeTarget;
			buildConfigurationList = 0937D704288F55B800E780F3 /* Build configuration list for PBXNativeTarget "CoinMarket" */;
			buildPhases = (
				C103561CC4181CCB5153CDB5 /* [CP] Check Pods Manifest.lock */,
				0937D6D6288F55AE00E780F3 /* Sources */,
				0937D6D7288F55AE00E780F3 /* Frameworks */,
				0937D6D8288F55AE00E780F3 /* Resources */,
				CF127E0612AF33DFD45B8CB1 /* [CP] Embed Pods Frameworks */,
			);
			buildRules = (
			);
			dependencies = (
			);
			name = CoinMarket;
			productName = CoinMarket;
			productReference = 0937D6DA288F55AE00E780F3 /* CoinMarket.app */;
			productType = "com.apple.product-type.application";
		};
		0937D6EF288F55B800E780F3 /* CoinMarketTests */ = {
			isa = PBXNativeTarget;
			buildConfigurationList = 0937D707288F55B800E780F3 /* Build configuration list for PBXNativeTarget "CoinMarketTests" */;
			buildPhases = (
				B4771B567F0858FC5923976D /* [CP] Check Pods Manifest.lock */,
				0937D6EC288F55B800E780F3 /* Sources */,
				0937D6ED288F55B800E780F3 /* Frameworks */,
				0937D6EE288F55B800E780F3 /* Resources */,
			);
			buildRules = (
			);
			dependencies = (
				0937D6F2288F55B800E780F3 /* PBXTargetDependency */,
			);
			name = CoinMarketTests;
			productName = CoinMarketTests;
			productReference = 0937D6F0288F55B800E780F3 /* CoinMarketTests.xctest */;
			productType = "com.apple.product-type.bundle.unit-test";
		};
/* End PBXNativeTarget section */

/* Begin PBXProject section */
		0937D6D2288F55AD00E780F3 /* Project object */ = {
			isa = PBXProject;
			attributes = {
				BuildIndependentTargetsInParallel = 1;
				LastSwiftUpdateCheck = 1340;
				LastUpgradeCheck = 1340;
				TargetAttributes = {
					0937D6D9288F55AE00E780F3 = {
						CreatedOnToolsVersion = 13.4;
					};
					0937D6EF288F55B800E780F3 = {
						CreatedOnToolsVersion = 13.4;
						TestTargetID = 0937D6D9288F55AE00E780F3;
					};
				};
			};
			buildConfigurationList = 0937D6D5288F55AD00E780F3 /* Build configuration list for PBXProject "CoinMarket" */;
			compatibilityVersion = "Xcode 13.0";
			developmentRegion = en;
			hasScannedForEncodings = 0;
			knownRegions = (
				en,
				Base,
			);
			mainGroup = 0937D6D1288F55AD00E780F3;
			productRefGroup = 0937D6DB288F55AE00E780F3 /* Products */;
			projectDirPath = "";
			projectRoot = "";
			targets = (
				0937D6D9288F55AE00E780F3 /* CoinMarket */,
				0937D6EF288F55B800E780F3 /* CoinMarketTests */,
			);
		};
/* End PBXProject section */

/* Begin PBXResourcesBuildPhase section */
		0937D6D8288F55AE00E780F3 /* Resources */ = {
			isa = PBXResourcesBuildPhase;
			buildActionMask = 2147483647;
			files = (
				0937D7352891A71100E780F3 /* CoinsMock.json in Resources */,
				0937D6EA288F55B700E780F3 /* LaunchScreen.storyboard in Resources */,
				0937D6E7288F55B700E780F3 /* Assets.xcassets in Resources */,
			);
			runOnlyForDeploymentPostprocessing = 0;
		};
		0937D6EE288F55B800E780F3 /* Resources */ = {
			isa = PBXResourcesBuildPhase;
			buildActionMask = 2147483647;
			files = (
			);
			runOnlyForDeploymentPostprocessing = 0;
		};
/* End PBXResourcesBuildPhase section */

/* Begin PBXShellScriptBuildPhase section */
		B4771B567F0858FC5923976D /* [CP] Check Pods Manifest.lock */ = {
			isa = PBXShellScriptBuildPhase;
			buildActionMask = 2147483647;
			files = (
			);
			inputFileListPaths = (
			);
			inputPaths = (
				"${PODS_PODFILE_DIR_PATH}/Podfile.lock",
				"${PODS_ROOT}/Manifest.lock",
			);
			name = "[CP] Check Pods Manifest.lock";
			outputFileListPaths = (
			);
			outputPaths = (
				"$(DERIVED_FILE_DIR)/Pods-CoinMarketTests-checkManifestLockResult.txt",
			);
			runOnlyForDeploymentPostprocessing = 0;
			shellPath = /bin/sh;
			shellScript = "diff \"${PODS_PODFILE_DIR_PATH}/Podfile.lock\" \"${PODS_ROOT}/Manifest.lock\" > /dev/null\nif [ $? != 0 ] ; then\n    # print error to STDERR\n    echo \"error: The sandbox is not in sync with the Podfile.lock. Run 'pod install' or update your CocoaPods installation.\" >&2\n    exit 1\nfi\n# This output is used by Xcode 'outputs' to avoid re-running this script phase.\necho \"SUCCESS\" > \"${SCRIPT_OUTPUT_FILE_0}\"\n";
			showEnvVarsInLog = 0;
		};
		C103561CC4181CCB5153CDB5 /* [CP] Check Pods Manifest.lock */ = {
			isa = PBXShellScriptBuildPhase;
			buildActionMask = 2147483647;
			files = (
			);
			inputFileListPaths = (
			);
			inputPaths = (
				"${PODS_PODFILE_DIR_PATH}/Podfile.lock",
				"${PODS_ROOT}/Manifest.lock",
			);
			name = "[CP] Check Pods Manifest.lock";
			outputFileListPaths = (
			);
			outputPaths = (
				"$(DERIVED_FILE_DIR)/Pods-CoinMarket-checkManifestLockResult.txt",
			);
			runOnlyForDeploymentPostprocessing = 0;
			shellPath = /bin/sh;
			shellScript = "diff \"${PODS_PODFILE_DIR_PATH}/Podfile.lock\" \"${PODS_ROOT}/Manifest.lock\" > /dev/null\nif [ $? != 0 ] ; then\n    # print error to STDERR\n    echo \"error: The sandbox is not in sync with the Podfile.lock. Run 'pod install' or update your CocoaPods installation.\" >&2\n    exit 1\nfi\n# This output is used by Xcode 'outputs' to avoid re-running this script phase.\necho \"SUCCESS\" > \"${SCRIPT_OUTPUT_FILE_0}\"\n";
			showEnvVarsInLog = 0;
		};
		CF127E0612AF33DFD45B8CB1 /* [CP] Embed Pods Frameworks */ = {
			isa = PBXShellScriptBuildPhase;
			buildActionMask = 2147483647;
			files = (
			);
			inputFileListPaths = (
				"${PODS_ROOT}/Target Support Files/Pods-CoinMarket/Pods-CoinMarket-frameworks-${CONFIGURATION}-input-files.xcfilelist",
			);
			name = "[CP] Embed Pods Frameworks";
			outputFileListPaths = (
				"${PODS_ROOT}/Target Support Files/Pods-CoinMarket/Pods-CoinMarket-frameworks-${CONFIGURATION}-output-files.xcfilelist",
			);
			runOnlyForDeploymentPostprocessing = 0;
			shellPath = /bin/sh;
			shellScript = "\"${PODS_ROOT}/Target Support Files/Pods-CoinMarket/Pods-CoinMarket-frameworks.sh\"\n";
			showEnvVarsInLog = 0;
		};
/* End PBXShellScriptBuildPhase section */

/* Begin PBXSourcesBuildPhase section */
		0937D6D6288F55AE00E780F3 /* Sources */ = {
			isa = PBXSourcesBuildPhase;
			buildActionMask = 2147483647;
			files = (
				0937D7312891824A00E780F3 /* CoinsDetailsViewModel.swift in Sources */,
				0937D71E28903C3400E780F3 /* CoinsModel.swift in Sources */,
				0937D7242890474B00E780F3 /* CoinsListViewModel.swift in Sources */,
				0937D71A2890351600E780F3 /* Constants.swift in Sources */,
				0937D72628908EC300E780F3 /* SpinnerLoading.swift in Sources */,
				0937D72C289177EA00E780F3 /* CoinsDetailsViewController.swift in Sources */,
				0937D7182890218700E780F3 /* APIManager.swift in Sources */,
				0937D6E2288F55AE00E780F3 /* CoinsListViewController.swift in Sources */,
				0937D6DE288F55AE00E780F3 /* AppDelegate.swift in Sources */,
				0937D71C28903B9D00E780F3 /* CoinsService.swift in Sources */,
				0937D72028903C7E00E780F3 /* CoinInfo.swift in Sources */,
				0937D729289093CD00E780F3 /* CoinsListViewCell.swift in Sources */,
				0937D6E0288F55AE00E780F3 /* SceneDelegate.swift in Sources */,
				0937D72228903FC000E780F3 /* CoinValue.swift in Sources */,
			);
			runOnlyForDeploymentPostprocessing = 0;
		};
		0937D6EC288F55B800E780F3 /* Sources */ = {
			isa = PBXSourcesBuildPhase;
			buildActionMask = 2147483647;
			files = (
				0937D7372891A8A400E780F3 /* MockCoinsServiceSuccess.swift in Sources */,
				0937D6F5288F55B800E780F3 /* CoinMarketTests.swift in Sources */,
				0937D7392891AB5000E780F3 /* MockCoinsServiceFail.swift in Sources */,
			);
			runOnlyForDeploymentPostprocessing = 0;
		};
/* End PBXSourcesBuildPhase section */

/* Begin PBXTargetDependency section */
		0937D6F2288F55B800E780F3 /* PBXTargetDependency */ = {
			isa = PBXTargetDependency;
			target = 0937D6D9288F55AE00E780F3 /* CoinMarket */;
			targetProxy = 0937D6F1288F55B800E780F3 /* PBXContainerItemProxy */;
		};
/* End PBXTargetDependency section */

/* Begin PBXVariantGroup section */
		0937D6E8288F55B700E780F3 /* LaunchScreen.storyboard */ = {
			isa = PBXVariantGroup;
			children = (
				0937D6E9288F55B700E780F3 /* Base */,
			);
			name = LaunchScreen.storyboard;
			sourceTree = "<group>";
		};
/* End PBXVariantGroup section */

/* Begin XCBuildConfiguration section */
		0937D702288F55B800E780F3 /* Debug */ = {
			isa = XCBuildConfiguration;
			buildSettings = {
				ALWAYS_SEARCH_USER_PATHS = NO;
				CLANG_ANALYZER_NONNULL = YES;
				CLANG_ANALYZER_NUMBER_OBJECT_CONVERSION = YES_AGGRESSIVE;
				CLANG_CXX_LANGUAGE_STANDARD = "gnu++17";
				CLANG_ENABLE_MODULES = YES;
				CLANG_ENABLE_OBJC_ARC = YES;
				CLANG_ENABLE_OBJC_WEAK = YES;
				CLANG_WARN_BLOCK_CAPTURE_AUTORELEASING = YES;
				CLANG_WARN_BOOL_CONVERSION = YES;
				CLANG_WARN_COMMA = YES;
				CLANG_WARN_CONSTANT_CONVERSION = YES;
				CLANG_WARN_DEPRECATED_OBJC_IMPLEMENTATIONS = YES;
				CLANG_WARN_DIRECT_OBJC_ISA_USAGE = YES_ERROR;
				CLANG_WARN_DOCUMENTATION_COMMENTS = YES;
				CLANG_WARN_EMPTY_BODY = YES;
				CLANG_WARN_ENUM_CONVERSION = YES;
				CLANG_WARN_INFINITE_RECURSION = YES;
				CLANG_WARN_INT_CONVERSION = YES;
				CLANG_WARN_NON_LITERAL_NULL_CONVERSION = YES;
				CLANG_WARN_OBJC_IMPLICIT_RETAIN_SELF = YES;
				CLANG_WARN_OBJC_LITERAL_CONVERSION = YES;
				CLANG_WARN_OBJC_ROOT_CLASS = YES_ERROR;
				CLANG_WARN_QUOTED_INCLUDE_IN_FRAMEWORK_HEADER = YES;
				CLANG_WARN_RANGE_LOOP_ANALYSIS = YES;
				CLANG_WARN_STRICT_PROTOTYPES = YES;
				CLANG_WARN_SUSPICIOUS_MOVE = YES;
				CLANG_WARN_UNGUARDED_AVAILABILITY = YES_AGGRESSIVE;
				CLANG_WARN_UNREACHABLE_CODE = YES;
				CLANG_WARN__DUPLICATE_METHOD_MATCH = YES;
				COPY_PHASE_STRIP = NO;
				DEBUG_INFORMATION_FORMAT = dwarf;
				ENABLE_STRICT_OBJC_MSGSEND = YES;
				ENABLE_TESTABILITY = YES;
				GCC_C_LANGUAGE_STANDARD = gnu11;
				GCC_DYNAMIC_NO_PIC = NO;
				GCC_NO_COMMON_BLOCKS = YES;
				GCC_OPTIMIZATION_LEVEL = 0;
				GCC_PREPROCESSOR_DEFINITIONS = (
					"DEBUG=1",
					"$(inherited)",
				);
				GCC_WARN_64_TO_32_BIT_CONVERSION = YES;
				GCC_WARN_ABOUT_RETURN_TYPE = YES_ERROR;
				GCC_WARN_UNDECLARED_SELECTOR = YES;
				GCC_WARN_UNINITIALIZED_AUTOS = YES_AGGRESSIVE;
				GCC_WARN_UNUSED_FUNCTION = YES;
				GCC_WARN_UNUSED_VARIABLE = YES;
				IPHONEOS_DEPLOYMENT_TARGET = 15.5;
				MTL_ENABLE_DEBUG_INFO = INCLUDE_SOURCE;
				MTL_FAST_MATH = YES;
				ONLY_ACTIVE_ARCH = YES;
				SDKROOT = iphoneos;
				SWIFT_ACTIVE_COMPILATION_CONDITIONS = DEBUG;
				SWIFT_OPTIMIZATION_LEVEL = "-Onone";
			};
			name = Debug;
		};
		0937D703288F55B800E780F3 /* Release */ = {
			isa = XCBuildConfiguration;
			buildSettings = {
				ALWAYS_SEARCH_USER_PATHS = NO;
				CLANG_ANALYZER_NONNULL = YES;
				CLANG_ANALYZER_NUMBER_OBJECT_CONVERSION = YES_AGGRESSIVE;
				CLANG_CXX_LANGUAGE_STANDARD = "gnu++17";
				CLANG_ENABLE_MODULES = YES;
				CLANG_ENABLE_OBJC_ARC = YES;
				CLANG_ENABLE_OBJC_WEAK = YES;
				CLANG_WARN_BLOCK_CAPTURE_AUTORELEASING = YES;
				CLANG_WARN_BOOL_CONVERSION = YES;
				CLANG_WARN_COMMA = YES;
				CLANG_WARN_CONSTANT_CONVERSION = YES;
				CLANG_WARN_DEPRECATED_OBJC_IMPLEMENTATIONS = YES;
				CLANG_WARN_DIRECT_OBJC_ISA_USAGE = YES_ERROR;
				CLANG_WARN_DOCUMENTATION_COMMENTS = YES;
				CLANG_WARN_EMPTY_BODY = YES;
				CLANG_WARN_ENUM_CONVERSION = YES;
				CLANG_WARN_INFINITE_RECURSION = YES;
				CLANG_WARN_INT_CONVERSION = YES;
				CLANG_WARN_NON_LITERAL_NULL_CONVERSION = YES;
				CLANG_WARN_OBJC_IMPLICIT_RETAIN_SELF = YES;
				CLANG_WARN_OBJC_LITERAL_CONVERSION = YES;
				CLANG_WARN_OBJC_ROOT_CLASS = YES_ERROR;
				CLANG_WARN_QUOTED_INCLUDE_IN_FRAMEWORK_HEADER = YES;
				CLANG_WARN_RANGE_LOOP_ANALYSIS = YES;
				CLANG_WARN_STRICT_PROTOTYPES = YES;
				CLANG_WARN_SUSPICIOUS_MOVE = YES;
				CLANG_WARN_UNGUARDED_AVAILABILITY = YES_AGGRESSIVE;
				CLANG_WARN_UNREACHABLE_CODE = YES;
				CLANG_WARN__DUPLICATE_METHOD_MATCH = YES;
				COPY_PHASE_STRIP = NO;
				DEBUG_INFORMATION_FORMAT = "dwarf-with-dsym";
				ENABLE_NS_ASSERTIONS = NO;
				ENABLE_STRICT_OBJC_MSGSEND = YES;
				GCC_C_LANGUAGE_STANDARD = gnu11;
				GCC_NO_COMMON_BLOCKS = YES;
				GCC_WARN_64_TO_32_BIT_CONVERSION = YES;
				GCC_WARN_ABOUT_RETURN_TYPE = YES_ERROR;
				GCC_WARN_UNDECLARED_SELECTOR = YES;
				GCC_WARN_UNINITIALIZED_AUTOS = YES_AGGRESSIVE;
				GCC_WARN_UNUSED_FUNCTION = YES;
				GCC_WARN_UNUSED_VARIABLE = YES;
				IPHONEOS_DEPLOYMENT_TARGET = 15.5;
				MTL_ENABLE_DEBUG_INFO = NO;
				MTL_FAST_MATH = YES;
				SDKROOT = iphoneos;
				SWIFT_COMPILATION_MODE = wholemodule;
				SWIFT_OPTIMIZATION_LEVEL = "-O";
				VALIDATE_PRODUCT = YES;
			};
			name = Release;
		};
		0937D705288F55B800E780F3 /* Debug */ = {
			isa = XCBuildConfiguration;
			baseConfigurationReference = BB4B9922EA2AA3152AB36913 /* Pods-CoinMarket.debug.xcconfig */;
			buildSettings = {
				ASSETCATALOG_COMPILER_APPICON_NAME = AppIcon;
				ASSETCATALOG_COMPILER_GLOBAL_ACCENT_COLOR_NAME = AccentColor;
				CODE_SIGN_STYLE = Automatic;
				CURRENT_PROJECT_VERSION = 1;
				DEVELOPMENT_TEAM = 5WR73Q6863;
				GENERATE_INFOPLIST_FILE = YES;
				INFOPLIST_FILE = CoinMarket/Info.plist;
				INFOPLIST_KEY_CFBundleDisplayName = CoinMarket;
				INFOPLIST_KEY_UIApplicationSupportsIndirectInputEvents = YES;
				INFOPLIST_KEY_UILaunchStoryboardName = LaunchScreen;
				INFOPLIST_KEY_UIMainStoryboardFile = "";
				INFOPLIST_KEY_UISupportedInterfaceOrientations_iPad = "UIInterfaceOrientationPortrait UIInterfaceOrientationPortraitUpsideDown UIInterfaceOrientationLandscapeLeft UIInterfaceOrientationLandscapeRight";
				INFOPLIST_KEY_UISupportedInterfaceOrientations_iPhone = "UIInterfaceOrientationPortrait UIInterfaceOrientationLandscapeLeft UIInterfaceOrientationLandscapeRight";
				LD_RUNPATH_SEARCH_PATHS = (
					"$(inherited)",
					"@executable_path/Frameworks",
				);
				MARKETING_VERSION = 1.0;
				PRODUCT_BUNDLE_IDENTIFIER = com.adriancysvillegas.CoinMarket;
				PRODUCT_NAME = "$(TARGET_NAME)";
				SWIFT_EMIT_LOC_STRINGS = YES;
				SWIFT_VERSION = 5.0;
				TARGETED_DEVICE_FAMILY = "1,2";
			};
			name = Debug;
		};
		0937D706288F55B800E780F3 /* Release */ = {
			isa = XCBuildConfiguration;
			baseConfigurationReference = 0EF1812B00E4E149B94A06BF /* Pods-CoinMarket.release.xcconfig */;
			buildSettings = {
				ASSETCATALOG_COMPILER_APPICON_NAME = AppIcon;
				ASSETCATALOG_COMPILER_GLOBAL_ACCENT_COLOR_NAME = AccentColor;
				CODE_SIGN_STYLE = Automatic;
				CURRENT_PROJECT_VERSION = 1;
				DEVELOPMENT_TEAM = 5WR73Q6863;
				GENERATE_INFOPLIST_FILE = YES;
				INFOPLIST_FILE = CoinMarket/Info.plist;
				INFOPLIST_KEY_CFBundleDisplayName = CoinMarket;
				INFOPLIST_KEY_UIApplicationSupportsIndirectInputEvents = YES;
				INFOPLIST_KEY_UILaunchStoryboardName = LaunchScreen;
				INFOPLIST_KEY_UIMainStoryboardFile = "";
				INFOPLIST_KEY_UISupportedInterfaceOrientations_iPad = "UIInterfaceOrientationPortrait UIInterfaceOrientationPortraitUpsideDown UIInterfaceOrientationLandscapeLeft UIInterfaceOrientationLandscapeRight";
				INFOPLIST_KEY_UISupportedInterfaceOrientations_iPhone = "UIInterfaceOrientationPortrait UIInterfaceOrientationLandscapeLeft UIInterfaceOrientationLandscapeRight";
				LD_RUNPATH_SEARCH_PATHS = (
					"$(inherited)",
					"@executable_path/Frameworks",
				);
				MARKETING_VERSION = 1.0;
				PRODUCT_BUNDLE_IDENTIFIER = com.adriancysvillegas.CoinMarket;
				PRODUCT_NAME = "$(TARGET_NAME)";
				SWIFT_EMIT_LOC_STRINGS = YES;
				SWIFT_VERSION = 5.0;
				TARGETED_DEVICE_FAMILY = "1,2";
			};
			name = Release;
		};
		0937D708288F55B800E780F3 /* Debug */ = {
			isa = XCBuildConfiguration;
			baseConfigurationReference = E06ABF28BEF7E4EA7B438AA9 /* Pods-CoinMarketTests.debug.xcconfig */;
			buildSettings = {
				ALWAYS_EMBED_SWIFT_STANDARD_LIBRARIES = YES;
				BUNDLE_LOADER = "$(TEST_HOST)";
				CODE_SIGN_STYLE = Automatic;
				CURRENT_PROJECT_VERSION = 1;
				DEVELOPMENT_TEAM = 5WR73Q6863;
				GENERATE_INFOPLIST_FILE = YES;
				IPHONEOS_DEPLOYMENT_TARGET = 15.5;
				MARKETING_VERSION = 1.0;
				PRODUCT_BUNDLE_IDENTIFIER = com.adriancysvillegas.CoinMarketTests;
				PRODUCT_NAME = "$(TARGET_NAME)";
				SWIFT_EMIT_LOC_STRINGS = NO;
				SWIFT_VERSION = 5.0;
				TARGETED_DEVICE_FAMILY = "1,2";
				TEST_HOST = "$(BUILT_PRODUCTS_DIR)/CoinMarket.app/CoinMarket";
			};
			name = Debug;
		};
		0937D709288F55B800E780F3 /* Release */ = {
			isa = XCBuildConfiguration;
			baseConfigurationReference = AD1CFCF6249E880AEE54BF23 /* Pods-CoinMarketTests.release.xcconfig */;
			buildSettings = {
				ALWAYS_EMBED_SWIFT_STANDARD_LIBRARIES = YES;
				BUNDLE_LOADER = "$(TEST_HOST)";
				CODE_SIGN_STYLE = Automatic;
				CURRENT_PROJECT_VERSION = 1;
				DEVELOPMENT_TEAM = 5WR73Q6863;
				GENERATE_INFOPLIST_FILE = YES;
				IPHONEOS_DEPLOYMENT_TARGET = 15.5;
				MARKETING_VERSION = 1.0;
				PRODUCT_BUNDLE_IDENTIFIER = com.adriancysvillegas.CoinMarketTests;
				PRODUCT_NAME = "$(TARGET_NAME)";
				SWIFT_EMIT_LOC_STRINGS = NO;
				SWIFT_VERSION = 5.0;
				TARGETED_DEVICE_FAMILY = "1,2";
				TEST_HOST = "$(BUILT_PRODUCTS_DIR)/CoinMarket.app/CoinMarket";
			};
			name = Release;
		};
/* End XCBuildConfiguration section */

/* Begin XCConfigurationList section */
		0937D6D5288F55AD00E780F3 /* Build configuration list for PBXProject "CoinMarket" */ = {
			isa = XCConfigurationList;
			buildConfigurations = (
				0937D702288F55B800E780F3 /* Debug */,
				0937D703288F55B800E780F3 /* Release */,
			);
			defaultConfigurationIsVisible = 0;
			defaultConfigurationName = Release;
		};
		0937D704288F55B800E780F3 /* Build configuration list for PBXNativeTarget "CoinMarket" */ = {
			isa = XCConfigurationList;
			buildConfigurations = (
				0937D705288F55B800E780F3 /* Debug */,
				0937D706288F55B800E780F3 /* Release */,
			);
			defaultConfigurationIsVisible = 0;
			defaultConfigurationName = Release;
		};
		0937D707288F55B800E780F3 /* Build configuration list for PBXNativeTarget "CoinMarketTests" */ = {
			isa = XCConfigurationList;
			buildConfigurations = (
				0937D708288F55B800E780F3 /* Debug */,
				0937D709288F55B800E780F3 /* Release */,
			);
			defaultConfigurationIsVisible = 0;
			defaultConfigurationName = Release;
		};
/* End XCConfigurationList section */
	};
	rootObject = 0937D6D2288F55AD00E780F3 /* Project object */;
}
