// !$*UTF8*$!
{
	archiveVersion = 1;
	classes = {
	};
	objectVersion = 55;
	objects = {

/* Begin PBXBuildFile section */
		0937D6DE288F55AE00E780F3 /* AppDelegate.swift in Sources */ = {isa = PBXBuildFile; fileRef = 0937D6DD288F55AE00E780F3 /* AppDelegate.swift */; };
		0937D6E0288F55AE00E780F3 /* SceneDelegate.swift in Sources */ = {isa = PBXBuildFile; fileRef = 0937D6DF288F55AE00E780F3 /* SceneDelegate.swift */; };
		0937D6E2288F55AE00E780F3 /* ViewController.swift in Sources */ = {isa = PBXBuildFile; fileRef = 0937D6E1288F55AE00E780F3 /* ViewController.swift */; };
		0937D6E5288F55AE00E780F3 /* Main.storyboard in Resources */ = {isa = PBXBuildFile; fileRef = 0937D6E3288F55AE00E780F3 /* Main.storyboard */; };
		0937D6E7288F55B700E780F3 /* Assets.xcassets in Resources */ = {isa = PBXBuildFile; fileRef = 0937D6E6288F55B700E780F3 /* Assets.xcassets */; };
		0937D6EA288F55B700E780F3 /* LaunchScreen.storyboard in Resources */ = {isa = PBXBuildFile; fileRef = 0937D6E8288F55B700E780F3 /* LaunchScreen.storyboard */; };
		0937D6F5288F55B800E780F3 /* CoinMarketTests.swift in Sources */ = {isa = PBXBuildFile; fileRef = 0937D6F4288F55B800E780F3 /* CoinMarketTests.swift */; };
		0937D6FF288F55B800E780F3 /* CoinMarketUITests.swift in Sources */ = {isa = PBXBuildFile; fileRef = 0937D6FE288F55B800E780F3 /* CoinMarketUITests.swift */; };
		0937D701288F55B800E780F3 /* CoinMarketUITestsLaunchTests.swift in Sources */ = {isa = PBXBuildFile; fileRef = 0937D700288F55B800E780F3 /* CoinMarketUITestsLaunchTests.swift */; };
/* End PBXBuildFile section */

/* Begin PBXContainerItemProxy section */
		0937D6F1288F55B800E780F3 /* PBXContainerItemProxy */ = {
			isa = PBXContainerItemProxy;
			containerPortal = 0937D6D2288F55AD00E780F3 /* Project object */;
			proxyType = 1;
			remoteGlobalIDString = 0937D6D9288F55AE00E780F3;
			remoteInfo = CoinMarket;
		};
		0937D6FB288F55B800E780F3 /* PBXContainerItemProxy */ = {
			isa = PBXContainerItemProxy;
			containerPortal = 0937D6D2288F55AD00E780F3 /* Project object */;
			proxyType = 1;
			remoteGlobalIDString = 0937D6D9288F55AE00E780F3;
			remoteInfo = CoinMarket;
		};
/* End PBXContainerItemProxy section */

/* Begin PBXFileReference section */
		0937D6DA288F55AE00E780F3 /* CoinMarket.app */ = {isa = PBXFileReference; explicitFileType = wrapper.application; includeInIndex = 0; path = CoinMarket.app; sourceTree = BUILT_PRODUCTS_DIR; };
		0937D6DD288F55AE00E780F3 /* AppDelegate.swift */ = {isa = PBXFileReference; lastKnownFileType = sourcecode.swift; path = AppDelegate.swift; sourceTree = "<group>"; };
		0937D6DF288F55AE00E780F3 /* SceneDelegate.swift */ = {isa = PBXFileReference; lastKnownFileType = sourcecode.swift; path = SceneDelegate.swift; sourceTree = "<group>"; };
		0937D6E1288F55AE00E780F3 /* ViewController.swift */ = {isa = PBXFileReference; lastKnownFileType = sourcecode.swift; path = ViewController.swift; sourceTree = "<group>"; };
		0937D6E4288F55AE00E780F3 /* Base */ = {isa = PBXFileReference; lastKnownFileType = file.storyboard; name = Base; path = Base.lproj/Main.storyboard; sourceTree = "<group>"; };
		0937D6E6288F55B700E780F3 /* Assets.xcassets */ = {isa = PBXFileReference; lastKnownFileType = folder.assetcatalog; path = Assets.xcassets; sourceTree = "<group>"; };
		0937D6E9288F55B700E780F3 /* Base */ = {isa = PBXFileReference; lastKnownFileType = file.storyboard; name = Base; path = Base.lproj/LaunchScreen.storyboard; sourceTree = "<group>"; };
		0937D6EB288F55B700E780F3 /* Info.plist */ = {isa = PBXFileReference; lastKnownFileType = text.plist.xml; path = Info.plist; sourceTree = "<group>"; };
		0937D6F0288F55B800E780F3 /* CoinMarketTests.xctest */ = {isa = PBXFileReference; explicitFileType = wrapper.cfbundle; includeInIndex = 0; path = CoinMarketTests.xctest; sourceTree = BUILT_PRODUCTS_DIR; };
		0937D6F4288F55B800E780F3 /* CoinMarketTests.swift */ = {isa = PBXFileReference; lastKnownFileType = sourcecode.swift; path = CoinMarketTests.swift; sourceTree = "<group>"; };
		0937D6FA288F55B800E780F3 /* CoinMarketUITests.xctest */ = {isa = PBXFileReference; explicitFileType = wrapper.cfbundle; includeInIndex = 0; path = CoinMarketUITests.xctest; sourceTree = BUILT_PRODUCTS_DIR; };
		0937D6FE288F55B800E780F3 /* CoinMarketUITests.swift */ = {isa = PBXFileReference; lastKnownFileType = sourcecode.swift; path = CoinMarketUITests.swift; sourceTree = "<group>"; };
		0937D700288F55B800E780F3 /* CoinMarketUITestsLaunchTests.swift */ = {isa = PBXFileReference; lastKnownFileType = sourcecode.swift; path = CoinMarketUITestsLaunchTests.swift; sourceTree = "<group>"; };
/* End PBXFileReference section */

/* Begin PBXFrameworksBuildPhase section */
		0937D6D7288F55AE00E780F3 /* Frameworks */ = {
			isa = PBXFrameworksBuildPhase;
			buildActionMask = 2147483647;
			files = (
			);
			runOnlyForDeploymentPostprocessing = 0;
		};
		0937D6ED288F55B800E780F3 /* Frameworks */ = {
			isa = PBXFrameworksBuildPhase;
			buildActionMask = 2147483647;
			files = (
			);
			runOnlyForDeploymentPostprocessing = 0;
		};
		0937D6F7288F55B800E780F3 /* Frameworks */ = {
			isa = PBXFrameworksBuildPhase;
			buildActionMask = 2147483647;
			files = (
			);
			runOnlyForDeploymentPostprocessing = 0;
		};
/* End PBXFrameworksBuildPhase section */

/* Begin PBXGroup section */
		0937D6D1288F55AD00E780F3 = {
			isa = PBXGroup;
			children = (
				0937D6DC288F55AE00E780F3 /* CoinMarket */,
				0937D6F3288F55B800E780F3 /* CoinMarketTests */,
				0937D6FD288F55B800E780F3 /* CoinMarketUITests */,
				0937D6DB288F55AE00E780F3 /* Products */,
			);
			sourceTree = "<group>";
		};
		0937D6DB288F55AE00E780F3 /* Products */ = {
			isa = PBXGroup;
			children = (
				0937D6DA288F55AE00E780F3 /* CoinMarket.app */,
				0937D6F0288F55B800E780F3 /* CoinMarketTests.xctest */,
				0937D6FA288F55B800E780F3 /* CoinMarketUITests.xctest */,
			);
			name = Products;
			sourceTree = "<group>";
		};
		0937D6DC288F55AE00E780F3 /* CoinMarket */ = {
			isa = PBXGroup;
			children = (
				0937D6DD288F55AE00E780F3 /* AppDelegate.swift */,
				0937D6DF288F55AE00E780F3 /* SceneDelegate.swift */,
				0937D6E1288F55AE00E780F3 /* ViewController.swift */,
				0937D6E3288F55AE00E780F3 /* Main.storyboard */,
				0937D6E6288F55B700E780F3 /* Assets.xcassets */,
				0937D6E8288F55B700E780F3 /* LaunchScreen.storyboard */,
				0937D6EB288F55B700E780F3 /* Info.plist */,
			);
			path = CoinMarket;
			sourceTree = "<group>";
		};
		0937D6F3288F55B800E780F3 /* CoinMarketTests */ = {
			isa = PBXGroup;
			children = (
				0937D6F4288F55B800E780F3 /* CoinMarketTests.swift */,
			);
			path = CoinMarketTests;
			sourceTree = "<group>";
		};
		0937D6FD288F55B800E780F3 /* CoinMarketUITests */ = {
			isa = PBXGroup;
			children = (
				0937D6FE288F55B800E780F3 /* CoinMarketUITests.swift */,
				0937D700288F55B800E780F3 /* CoinMarketUITestsLaunchTests.swift */,
			);
			path = CoinMarketUITests;
			sourceTree = "<group>";
		};
/* End PBXGroup section */

/* Begin PBXNativeTarget section */
		0937D6D9288F55AE00E780F3 /* CoinMarket */ = {
			isa = PBXNativeTarget;
			buildConfigurationList = 0937D704288F55B800E780F3 /* Build configuration list for PBXNativeTarget "CoinMarket" */;
			buildPhases = (
				0937D6D6288F55AE00E780F3 /* Sources */,
				0937D6D7288F55AE00E780F3 /* Frameworks */,
				0937D6D8288F55AE00E780F3 /* Resources */,
			);
			buildRules = (
			);
			dependencies = (
			);
			name = CoinMarket;
			productName = CoinMarket;
			productReference = 0937D6DA288F55AE00E780F3 /* CoinMarket.app */;
			productType = "com.apple.product-type.application";
		};
		0937D6EF288F55B800E780F3 /* CoinMarketTests */ = {
			isa = PBXNativeTarget;
			buildConfigurationList = 0937D707288F55B800E780F3 /* Build configuration list for PBXNativeTarget "CoinMarketTests" */;
			buildPhases = (
				0937D6EC288F55B800E780F3 /* Sources */,
				0937D6ED288F55B800E780F3 /* Frameworks */,
				0937D6EE288F55B800E780F3 /* Resources */,
			);
			buildRules = (
			);
			dependencies = (
				0937D6F2288F55B800E780F3 /* PBXTargetDependency */,
			);
			name = CoinMarketTests;
			productName = CoinMarketTests;
			productReference = 0937D6F0288F55B800E780F3 /* CoinMarketTests.xctest */;
			productType = "com.apple.product-type.bundle.unit-test";
		};
		0937D6F9288F55B800E780F3 /* CoinMarketUITests */ = {
			isa = PBXNativeTarget;
			buildConfigurationList = 0937D70A288F55B800E780F3 /* Build configuration list for PBXNativeTarget "CoinMarketUITests" */;
			buildPhases = (
				0937D6F6288F55B800E780F3 /* Sources */,
				0937D6F7288F55B800E780F3 /* Frameworks */,
				0937D6F8288F55B800E780F3 /* Resources */,
			);
			buildRules = (
			);
			dependencies = (
				0937D6FC288F55B800E780F3 /* PBXTargetDependency */,
			);
			name = CoinMarketUITests;
			productName = CoinMarketUITests;
			productReference = 0937D6FA288F55B800E780F3 /* CoinMarketUITests.xctest */;
			productType = "com.apple.product-type.bundle.ui-testing";
		};
/* End PBXNativeTarget section */

/* Begin PBXProject section */
		0937D6D2288F55AD00E780F3 /* Project object */ = {
			isa = PBXProject;
			attributes = {
				BuildIndependentTargetsInParallel = 1;
				LastSwiftUpdateCheck = 1340;
				LastUpgradeCheck = 1340;
				TargetAttributes = {
					0937D6D9288F55AE00E780F3 = {
						CreatedOnToolsVersion = 13.4;
					};
					0937D6EF288F55B800E780F3 = {
						CreatedOnToolsVersion = 13.4;
						TestTargetID = 0937D6D9288F55AE00E780F3;
					};
					0937D6F9288F55B800E780F3 = {
						CreatedOnToolsVersion = 13.4;
						TestTargetID = 0937D6D9288F55AE00E780F3;
					};
				};
			};
			buildConfigurationList = 0937D6D5288F55AD00E780F3 /* Build configuration list for PBXProject "CoinMarket" */;
			compatibilityVersion = "Xcode 13.0";
			developmentRegion = en;
			hasScannedForEncodings = 0;
			knownRegions = (
				en,
				Base,
			);
			mainGroup = 0937D6D1288F55AD00E780F3;
			productRefGroup = 0937D6DB288F55AE00E780F3 /* Products */;
			projectDirPath = "";
			projectRoot = "";
			targets = (
				0937D6D9288F55AE00E780F3 /* CoinMarket */,
				0937D6EF288F55B800E780F3 /* CoinMarketTests */,
				0937D6F9288F55B800E780F3 /* CoinMarketUITests */,
			);
		};
/* End PBXProject section */

/* Begin PBXResourcesBuildPhase section */
		0937D6D8288F55AE00E780F3 /* Resources */ = {
			isa = PBXResourcesBuildPhase;
			buildActionMask = 2147483647;
			files = (
				0937D6EA288F55B700E780F3 /* LaunchScreen.storyboard in Resources */,
				0937D6E7288F55B700E780F3 /* Assets.xcassets in Resources */,
				0937D6E5288F55AE00E780F3 /* Main.storyboard in Resources */,
			);
			runOnlyForDeploymentPostprocessing = 0;
		};
		0937D6EE288F55B800E780F3 /* Resources */ = {
			isa = PBXResourcesBuildPhase;
			buildActionMask = 2147483647;
			files = (
			);
			runOnlyForDeploymentPostprocessing = 0;
		};
		0937D6F8288F55B800E780F3 /* Resources */ = {
			isa = PBXResourcesBuildPhase;
			buildActionMask = 2147483647;
			files = (
			);
			runOnlyForDeploymentPostprocessing = 0;
		};
/* End PBXResourcesBuildPhase section */

/* Begin PBXSourcesBuildPhase section */
		0937D6D6288F55AE00E780F3 /* Sources */ = {
			isa = PBXSourcesBuildPhase;
			buildActionMask = 2147483647;
			files = (
				0937D6E2288F55AE00E780F3 /* ViewController.swift in Sources */,
				0937D6DE288F55AE00E780F3 /* AppDelegate.swift in Sources */,
				0937D6E0288F55AE00E780F3 /* SceneDelegate.swift in Sources */,
			);
			runOnlyForDeploymentPostprocessing = 0;
		};
		0937D6EC288F55B800E780F3 /* Sources */ = {
			isa = PBXSourcesBuildPhase;
			buildActionMask = 2147483647;
			files = (
				0937D6F5288F55B800E780F3 /* CoinMarketTests.swift in Sources */,
			);
			runOnlyForDeploymentPostprocessing = 0;
		};
		0937D6F6288F55B800E780F3 /* Sources */ = {
			isa = PBXSourcesBuildPhase;
			buildActionMask = 2147483647;
			files = (
				0937D6FF288F55B800E780F3 /* CoinMarketUITests.swift in Sources */,
				0937D701288F55B800E780F3 /* CoinMarketUITestsLaunchTests.swift in Sources */,
			);
			runOnlyForDeploymentPostprocessing = 0;
		};
/* End PBXSourcesBuildPhase section */

/* Begin PBXTargetDependency section */
		0937D6F2288F55B800E780F3 /* PBXTargetDependency */ = {
			isa = PBXTargetDependency;
			target = 0937D6D9288F55AE00E780F3 /* CoinMarket */;
			targetProxy = 0937D6F1288F55B800E780F3 /* PBXContainerItemProxy */;
		};
		0937D6FC288F55B800E780F3 /* PBXTargetDependency */ = {
			isa = PBXTargetDependency;
			target = 0937D6D9288F55AE00E780F3 /* CoinMarket */;
			targetProxy = 0937D6FB288F55B800E780F3 /* PBXContainerItemProxy */;
		};
/* End PBXTargetDependency section */

/* Begin PBXVariantGroup section */
		0937D6E3288F55AE00E780F3 /* Main.storyboard */ = {
			isa = PBXVariantGroup;
			children = (
				0937D6E4288F55AE00E780F3 /* Base */,
			);
			name = Main.storyboard;
			sourceTree = "<group>";
		};
		0937D6E8288F55B700E780F3 /* LaunchScreen.storyboard */ = {
			isa = PBXVariantGroup;
			children = (
				0937D6E9288F55B700E780F3 /* Base */,
			);
			name = LaunchScreen.storyboard;
			sourceTree = "<group>";
		};
/* End PBXVariantGroup section */

/* Begin XCBuildConfiguration section */
		0937D702288F55B800E780F3 /* Debug */ = {
			isa = XCBuildConfiguration;
			buildSettings = {
				ALWAYS_SEARCH_USER_PATHS = NO;
				CLANG_ANALYZER_NONNULL = YES;
				CLANG_ANALYZER_NUMBER_OBJECT_CONVERSION = YES_AGGRESSIVE;
				CLANG_CXX_LANGUAGE_STANDARD = "gnu++17";
				CLANG_ENABLE_MODULES = YES;
				CLANG_ENABLE_OBJC_ARC = YES;
				CLANG_ENABLE_OBJC_WEAK = YES;
				CLANG_WARN_BLOCK_CAPTURE_AUTORELEASING = YES;
				CLANG_WARN_BOOL_CONVERSION = YES;
				CLANG_WARN_COMMA = YES;
				CLANG_WARN_CONSTANT_CONVERSION = YES;
				CLANG_WARN_DEPRECATED_OBJC_IMPLEMENTATIONS = YES;
				CLANG_WARN_DIRECT_OBJC_ISA_USAGE = YES_ERROR;
				CLANG_WARN_DOCUMENTATION_COMMENTS = YES;
				CLANG_WARN_EMPTY_BODY = YES;
				CLANG_WARN_ENUM_CONVERSION = YES;
				CLANG_WARN_INFINITE_RECURSION = YES;
				CLANG_WARN_INT_CONVERSION = YES;
				CLANG_WARN_NON_LITERAL_NULL_CONVERSION = YES;
				CLANG_WARN_OBJC_IMPLICIT_RETAIN_SELF = YES;
				CLANG_WARN_OBJC_LITERAL_CONVERSION = YES;
				CLANG_WARN_OBJC_ROOT_CLASS = YES_ERROR;
				CLANG_WARN_QUOTED_INCLUDE_IN_FRAMEWORK_HEADER = YES;
				CLANG_WARN_RANGE_LOOP_ANALYSIS = YES;
				CLANG_WARN_STRICT_PROTOTYPES = YES;
				CLANG_WARN_SUSPICIOUS_MOVE = YES;
				CLANG_WARN_UNGUARDED_AVAILABILITY = YES_AGGRESSIVE;
				CLANG_WARN_UNREACHABLE_CODE = YES;
				CLANG_WARN__DUPLICATE_METHOD_MATCH = YES;
				COPY_PHASE_STRIP = NO;
				DEBUG_INFORMATION_FORMAT = dwarf;
				ENABLE_STRICT_OBJC_MSGSEND = YES;
				ENABLE_TESTABILITY = YES;
				GCC_C_LANGUAGE_STANDARD = gnu11;
				GCC_DYNAMIC_NO_PIC = NO;
				GCC_NO_COMMON_BLOCKS = YES;
				GCC_OPTIMIZATION_LEVEL = 0;
				GCC_PREPROCESSOR_DEFINITIONS = (
					"DEBUG=1",
					"$(inherited)",
				);
				GCC_WARN_64_TO_32_BIT_CONVERSION = YES;
				GCC_WARN_ABOUT_RETURN_TYPE = YES_ERROR;
				GCC_WARN_UNDECLARED_SELECTOR = YES;
				GCC_WARN_UNINITIALIZED_AUTOS = YES_AGGRESSIVE;
				GCC_WARN_UNUSED_FUNCTION = YES;
				GCC_WARN_UNUSED_VARIABLE = YES;
				IPHONEOS_DEPLOYMENT_TARGET = 15.5;
				MTL_ENABLE_DEBUG_INFO = INCLUDE_SOURCE;
				MTL_FAST_MATH = YES;
				ONLY_ACTIVE_ARCH = YES;
				SDKROOT = iphoneos;
				SWIFT_ACTIVE_COMPILATION_CONDITIONS = DEBUG;
				SWIFT_OPTIMIZATION_LEVEL = "-Onone";
			};
			name = Debug;
		};
		0937D703288F55B800E780F3 /* Release */ = {
			isa = XCBuildConfiguration;
			buildSettings = {
				ALWAYS_SEARCH_USER_PATHS = NO;
				CLANG_ANALYZER_NONNULL = YES;
				CLANG_ANALYZER_NUMBER_OBJECT_CONVERSION = YES_AGGRESSIVE;
				CLANG_CXX_LANGUAGE_STANDARD = "gnu++17";
				CLANG_ENABLE_MODULES = YES;
				CLANG_ENABLE_OBJC_ARC = YES;
				CLANG_ENABLE_OBJC_WEAK = YES;
				CLANG_WARN_BLOCK_CAPTURE_AUTORELEASING = YES;
				CLANG_WARN_BOOL_CONVERSION = YES;
				CLANG_WARN_COMMA = YES;
				CLANG_WARN_CONSTANT_CONVERSION = YES;
				CLANG_WARN_DEPRECATED_OBJC_IMPLEMENTATIONS = YES;
				CLANG_WARN_DIRECT_OBJC_ISA_USAGE = YES_ERROR;
				CLANG_WARN_DOCUMENTATION_COMMENTS = YES;
				CLANG_WARN_EMPTY_BODY = YES;
				CLANG_WARN_ENUM_CONVERSION = YES;
				CLANG_WARN_INFINITE_RECURSION = YES;
				CLANG_WARN_INT_CONVERSION = YES;
				CLANG_WARN_NON_LITERAL_NULL_CONVERSION = YES;
				CLANG_WARN_OBJC_IMPLICIT_RETAIN_SELF = YES;
				CLANG_WARN_OBJC_LITERAL_CONVERSION = YES;
				CLANG_WARN_OBJC_ROOT_CLASS = YES_ERROR;
				CLANG_WARN_QUOTED_INCLUDE_IN_FRAMEWORK_HEADER = YES;
				CLANG_WARN_RANGE_LOOP_ANALYSIS = YES;
				CLANG_WARN_STRICT_PROTOTYPES = YES;
				CLANG_WARN_SUSPICIOUS_MOVE = YES;
				CLANG_WARN_UNGUARDED_AVAILABILITY = YES_AGGRESSIVE;
				CLANG_WARN_UNREACHABLE_CODE = YES;
				CLANG_WARN__DUPLICATE_METHOD_MATCH = YES;
				COPY_PHASE_STRIP = NO;
				DEBUG_INFORMATION_FORMAT = "dwarf-with-dsym";
				ENABLE_NS_ASSERTIONS = NO;
				ENABLE_STRICT_OBJC_MSGSEND = YES;
				GCC_C_LANGUAGE_STANDARD = gnu11;
				GCC_NO_COMMON_BLOCKS = YES;
				GCC_WARN_64_TO_32_BIT_CONVERSION = YES;
				GCC_WARN_ABOUT_RETURN_TYPE = YES_ERROR;
				GCC_WARN_UNDECLARED_SELECTOR = YES;
				GCC_WARN_UNINITIALIZED_AUTOS = YES_AGGRESSIVE;
				GCC_WARN_UNUSED_FUNCTION = YES;
				GCC_WARN_UNUSED_VARIABLE = YES;
				IPHONEOS_DEPLOYMENT_TARGET = 15.5;
				MTL_ENABLE_DEBUG_INFO = NO;
				MTL_FAST_MATH = YES;
				SDKROOT = iphoneos;
				SWIFT_COMPILATION_MODE = wholemodule;
				SWIFT_OPTIMIZATION_LEVEL = "-O";
				VALIDATE_PRODUCT = YES;
			};
			name = Release;
		};
		0937D705288F55B800E780F3 /* Debug */ = {
			isa = XCBuildConfiguration;
			buildSettings = {
				ASSETCATALOG_COMPILER_APPICON_NAME = AppIcon;
				ASSETCATALOG_COMPILER_GLOBAL_ACCENT_COLOR_NAME = AccentColor;
				CODE_SIGN_STYLE = Automatic;
				CURRENT_PROJECT_VERSION = 1;
				DEVELOPMENT_TEAM = 5WR73Q6863;
				GENERATE_INFOPLIST_FILE = YES;
				INFOPLIST_FILE = CoinMarket/Info.plist;
				INFOPLIST_KEY_UIApplicationSupportsIndirectInputEvents = YES;
				INFOPLIST_KEY_UILaunchStoryboardName = LaunchScreen;
				INFOPLIST_KEY_UIMainStoryboardFile = Main;
				INFOPLIST_KEY_UISupportedInterfaceOrientations_iPad = "UIInterfaceOrientationPortrait UIInterfaceOrientationPortraitUpsideDown UIInterfaceOrientationLandscapeLeft UIInterfaceOrientationLandscapeRight";
				INFOPLIST_KEY_UISupportedInterfaceOrientations_iPhone = "UIInterfaceOrientationPortrait UIInterfaceOrientationLandscapeLeft UIInterfaceOrientationLandscapeRight";
				LD_RUNPATH_SEARCH_PATHS = (
					"$(inherited)",
					"@executable_path/Frameworks",
				);
				MARKETING_VERSION = 1.0;
				PRODUCT_BUNDLE_IDENTIFIER = com.adriancysvillegas.CoinMarket;
				PRODUCT_NAME = "$(TARGET_NAME)";
				SWIFT_EMIT_LOC_STRINGS = YES;
				SWIFT_VERSION = 5.0;
				TARGETED_DEVICE_FAMILY = "1,2";
			};
			name = Debug;
		};
		0937D706288F55B800E780F3 /* Release */ = {
			isa = XCBuildConfiguration;
			buildSettings = {
				ASSETCATALOG_COMPILER_APPICON_NAME = AppIcon;
				ASSETCATALOG_COMPILER_GLOBAL_ACCENT_COLOR_NAME = AccentColor;
				CODE_SIGN_STYLE = Automatic;
				CURRENT_PROJECT_VERSION = 1;
				DEVELOPMENT_TEAM = 5WR73Q6863;
				GENERATE_INFOPLIST_FILE = YES;
				INFOPLIST_FILE = CoinMarket/Info.plist;
				INFOPLIST_KEY_UIApplicationSupportsIndirectInputEvents = YES;
				INFOPLIST_KEY_UILaunchStoryboardName = LaunchScreen;
				INFOPLIST_KEY_UIMainStoryboardFile = Main;
				INFOPLIST_KEY_UISupportedInterfaceOrientations_iPad = "UIInterfaceOrientationPortrait UIInterfaceOrientationPortraitUpsideDown UIInterfaceOrientationLandscapeLeft UIInterfaceOrientationLandscapeRight";
				INFOPLIST_KEY_UISupportedInterfaceOrientations_iPhone = "UIInterfaceOrientationPortrait UIInterfaceOrientationLandscapeLeft UIInterfaceOrientationLandscapeRight";
				LD_RUNPATH_SEARCH_PATHS = (
					"$(inherited)",
					"@executable_path/Frameworks",
				);
				MARKETING_VERSION = 1.0;
				PRODUCT_BUNDLE_IDENTIFIER = com.adriancysvillegas.CoinMarket;
				PRODUCT_NAME = "$(TARGET_NAME)";
				SWIFT_EMIT_LOC_STRINGS = YES;
				SWIFT_VERSION = 5.0;
				TARGETED_DEVICE_FAMILY = "1,2";
			};
			name = Release;
		};
		0937D708288F55B800E780F3 /* Debug */ = {
			isa = XCBuildConfiguration;
			buildSettings = {
				ALWAYS_EMBED_SWIFT_STANDARD_LIBRARIES = YES;
				BUNDLE_LOADER = "$(TEST_HOST)";
				CODE_SIGN_STYLE = Automatic;
				CURRENT_PROJECT_VERSION = 1;
				DEVELOPMENT_TEAM = 5WR73Q6863;
				GENERATE_INFOPLIST_FILE = YES;
				IPHONEOS_DEPLOYMENT_TARGET = 15.5;
				MARKETING_VERSION = 1.0;
				PRODUCT_BUNDLE_IDENTIFIER = com.adriancysvillegas.CoinMarketTests;
				PRODUCT_NAME = "$(TARGET_NAME)";
				SWIFT_EMIT_LOC_STRINGS = NO;
				SWIFT_VERSION = 5.0;
				TARGETED_DEVICE_FAMILY = "1,2";
				TEST_HOST = "$(BUILT_PRODUCTS_DIR)/CoinMarket.app/CoinMarket";
			};
			name = Debug;
		};
		0937D709288F55B800E780F3 /* Release */ = {
			isa = XCBuildConfiguration;
			buildSettings = {
				ALWAYS_EMBED_SWIFT_STANDARD_LIBRARIES = YES;
				BUNDLE_LOADER = "$(TEST_HOST)";
				CODE_SIGN_STYLE = Automatic;
				CURRENT_PROJECT_VERSION = 1;
				DEVELOPMENT_TEAM = 5WR73Q6863;
				GENERATE_INFOPLIST_FILE = YES;
				IPHONEOS_DEPLOYMENT_TARGET = 15.5;
				MARKETING_VERSION = 1.0;
				PRODUCT_BUNDLE_IDENTIFIER = com.adriancysvillegas.CoinMarketTests;
				PRODUCT_NAME = "$(TARGET_NAME)";
				SWIFT_EMIT_LOC_STRINGS = NO;
				SWIFT_VERSION = 5.0;
				TARGETED_DEVICE_FAMILY = "1,2";
				TEST_HOST = "$(BUILT_PRODUCTS_DIR)/CoinMarket.app/CoinMarket";
			};
			name = Release;
		};
		0937D70B288F55B800E780F3 /* Debug */ = {
			isa = XCBuildConfiguration;
			buildSettings = {
				ALWAYS_EMBED_SWIFT_STANDARD_LIBRARIES = YES;
				CODE_SIGN_STYLE = Automatic;
				CURRENT_PROJECT_VERSION = 1;
				DEVELOPMENT_TEAM = 5WR73Q6863;
				GENERATE_INFOPLIST_FILE = YES;
				MARKETING_VERSION = 1.0;
				PRODUCT_BUNDLE_IDENTIFIER = com.adriancysvillegas.CoinMarketUITests;
				PRODUCT_NAME = "$(TARGET_NAME)";
				SWIFT_EMIT_LOC_STRINGS = NO;
				SWIFT_VERSION = 5.0;
				TARGETED_DEVICE_FAMILY = "1,2";
				TEST_TARGET_NAME = CoinMarket;
			};
			name = Debug;
		};
		0937D70C288F55B800E780F3 /* Release */ = {
			isa = XCBuildConfiguration;
			buildSettings = {
				ALWAYS_EMBED_SWIFT_STANDARD_LIBRARIES = YES;
				CODE_SIGN_STYLE = Automatic;
				CURRENT_PROJECT_VERSION = 1;
				DEVELOPMENT_TEAM = 5WR73Q6863;
				GENERATE_INFOPLIST_FILE = YES;
				MARKETING_VERSION = 1.0;
				PRODUCT_BUNDLE_IDENTIFIER = com.adriancysvillegas.CoinMarketUITests;
				PRODUCT_NAME = "$(TARGET_NAME)";
				SWIFT_EMIT_LOC_STRINGS = NO;
				SWIFT_VERSION = 5.0;
				TARGETED_DEVICE_FAMILY = "1,2";
				TEST_TARGET_NAME = CoinMarket;
			};
			name = Release;
		};
/* End XCBuildConfiguration section */

/* Begin XCConfigurationList section */
		0937D6D5288F55AD00E780F3 /* Build configuration list for PBXProject "CoinMarket" */ = {
			isa = XCConfigurationList;
			buildConfigurations = (
				0937D702288F55B800E780F3 /* Debug */,
				0937D703288F55B800E780F3 /* Release */,
			);
			defaultConfigurationIsVisible = 0;
			defaultConfigurationName = Release;
		};
		0937D704288F55B800E780F3 /* Build configuration list for PBXNativeTarget "CoinMarket" */ = {
			isa = XCConfigurationList;
			buildConfigurations = (
				0937D705288F55B800E780F3 /* Debug */,
				0937D706288F55B800E780F3 /* Release */,
			);
			defaultConfigurationIsVisible = 0;
			defaultConfigurationName = Release;
		};
		0937D707288F55B800E780F3 /* Build configuration list for PBXNativeTarget "CoinMarketTests" */ = {
			isa = XCConfigurationList;
			buildConfigurations = (
				0937D708288F55B800E780F3 /* Debug */,
				0937D709288F55B800E780F3 /* Release */,
			);
			defaultConfigurationIsVisible = 0;
			defaultConfigurationName = Release;
		};
		0937D70A288F55B800E780F3 /* Build configuration list for PBXNativeTarget "CoinMarketUITests" */ = {
			isa = XCConfigurationList;
			buildConfigurations = (
				0937D70B288F55B800E780F3 /* Debug */,
				0937D70C288F55B800E780F3 /* Release */,
			);
			defaultConfigurationIsVisible = 0;
			defaultConfigurationName = Release;
		};
/* End XCConfigurationList section */
	};
	rootObject = 0937D6D2288F55AD00E780F3 /* Project object */;
}
